PODS:
  - AwesomeNetwork (0.2.0):
    - RealmSwift
  - Realm (3.13.1):
    - Realm/Headers (= 3.13.1)
  - Realm/Headers (3.13.1)
  - RealmSwift (3.13.1):
    - Realm (= 3.13.1)

DEPENDENCIES:
  - AwesomeNetwork (from `../`)

SPEC REPOS:
  https://github.com/cocoapods/specs.git:
    - Realm
    - RealmSwift

EXTERNAL SOURCES:
  AwesomeNetwork:
    :path: "../"

SPEC CHECKSUMS:
  AwesomeNetwork: 21dd2f8ced93729d32415f64b17c189e1700f642
  Realm: 50071da38fe079e0735e47c9f2eae738c68c5996
  RealmSwift: 8a1e6a02b7a08cd17a31e3115143fb69fe5f3fb9

PODFILE CHECKSUM: ef4d9d34ed8136abb1946310735b0a36366998a7

COCOAPODS: 1.6.0
